
Microsoft Visual Studio Solution File, Format Version 12.00
# Visual Studio Version 16
VisualStudioVersion = 16.0.29009.5
MinimumVisualStudioVersion = 10.0.40219.1
Project("{9A19103F-16F7-4668-BE54-9A1E7A4F7556}") = "Postcore.Web", "Postcore.Web\Postcore.Web.csproj", "{FF73B232-7D03-4751-83BC-36F4BEDEC492}"
EndProject
Project("{9A19103F-16F7-4668-BE54-9A1E7A4F7556}") = "Postcore.Web.Core", "Postcore.Web.Core\Postcore.Web.Core.csproj", "{E1AF73E7-6041-4C98-9060-F6A920255366}"
EndProject
Project("{9A19103F-16F7-4668-BE54-9A1E7A4F7556}") = "Postcore.Web.Infrastructure", "Postcore.Web.Infrastructure\Postcore.Web.Infrastructure.csproj", "{56B4FFB7-F79F-4CB8-ACF1-9C8AF90FE6EA}"
EndProject
Project("{FAE04EC0-301F-11D3-BF4B-00C04F79EFBC}") = "Postcore.Web.Test", "Postcore.Web.Test\Postcore.Web.Test.csproj", "{620CB8F4-FC37-4DEE-861C-9830CF7CA620}"
EndProject
Global
	GlobalSection(SolutionConfigurationPlatforms) = preSolution
		Debug|Any CPU = Debug|Any CPU
		Release|Any CPU = Release|Any CPU
	EndGlobalSection
	GlobalSection(ProjectConfigurationPlatforms) = postSolution
		{FF73B232-7D03-4751-83BC-36F4BEDEC492}.Debug|Any CPU.ActiveCfg = Debug|Any CPU
		{FF73B232-7D03-4751-83BC-36F4BEDEC492}.Debug|Any CPU.Build.0 = Debug|Any CPU
		{FF73B232-7D03-4751-83BC-36F4BEDEC492}.Release|Any CPU.ActiveCfg = Release|Any CPU
		{FF73B232-7D03-4751-83BC-36F4BEDEC492}.Release|Any CPU.Build.0 = Release|Any CPU
		{E1AF73E7-6041-4C98-9060-F6A920255366}.Debug|Any CPU.ActiveCfg = Debug|Any CPU
		{E1AF73E7-6041-4C98-9060-F6A920255366}.Debug|Any CPU.Build.0 = Debug|Any CPU
		{E1AF73E7-6041-4C98-9060-F6A920255366}.Release|Any CPU.ActiveCfg = Release|Any CPU
		{E1AF73E7-6041-4C98-9060-F6A920255366}.Release|Any CPU.Build.0 = Release|Any CPU
		{56B4FFB7-F79F-4CB8-ACF1-9C8AF90FE6EA}.Debug|Any CPU.ActiveCfg = Debug|Any CPU
		{56B4FFB7-F79F-4CB8-ACF1-9C8AF90FE6EA}.Debug|Any CPU.Build.0 = Debug|Any CPU
		{56B4FFB7-F79F-4CB8-ACF1-9C8AF90FE6EA}.Release|Any CPU.ActiveCfg = Release|Any CPU
		{56B4FFB7-F79F-4CB8-ACF1-9C8AF90FE6EA}.Release|Any CPU.Build.0 = Release|Any CPU
		{620CB8F4-FC37-4DEE-861C-9830CF7CA620}.Debug|Any CPU.ActiveCfg = Debug|Any CPU
		{620CB8F4-FC37-4DEE-861C-9830CF7CA620}.Debug|Any CPU.Build.0 = Debug|Any CPU
		{620CB8F4-FC37-4DEE-861C-9830CF7CA620}.Release|Any CPU.ActiveCfg = Release|Any CPU
		{620CB8F4-FC37-4DEE-861C-9830CF7CA620}.Release|Any CPU.Build.0 = Release|Any CPU
	EndGlobalSection
	GlobalSection(SolutionProperties) = preSolution
		HideSolutionNode = FALSE
	EndGlobalSection
	GlobalSection(ExtensibilityGlobals) = postSolution
		SolutionGuid = {F4298972-CF0F-4E4C-BDF5-F71FE0A15D91}
	EndGlobalSection
EndGlobal
